// !$*UTF8*$!
{
	archiveVersion = 1;
	classes = {
	};
	objectVersion = 46;
	objects = {

/* Begin PBXBuildFile section */
		344BC6031C3765DC001551DF /* AppDelegate.swift in Sources */ = {isa = PBXBuildFile; fileRef = 344BC6021C3765DC001551DF /* AppDelegate.swift */; };
		344BC6051C3765DC001551DF /* ViewController.swift in Sources */ = {isa = PBXBuildFile; fileRef = 344BC6041C3765DC001551DF /* ViewController.swift */; };
		344BC6081C3765DC001551DF /* Main.storyboard in Resources */ = {isa = PBXBuildFile; fileRef = 344BC6061C3765DC001551DF /* Main.storyboard */; };
		344BC60A1C3765DC001551DF /* Assets.xcassets in Resources */ = {isa = PBXBuildFile; fileRef = 344BC6091C3765DC001551DF /* Assets.xcassets */; };
		344BC60D1C3765DC001551DF /* LaunchScreen.storyboard in Resources */ = {isa = PBXBuildFile; fileRef = 344BC60B1C3765DC001551DF /* LaunchScreen.storyboard */; };
		344BC6181C3765DC001551DF /* DanceUnityTests.swift in Sources */ = {isa = PBXBuildFile; fileRef = 344BC6171C3765DC001551DF /* DanceUnityTests.swift */; };
		344BC6231C3765DC001551DF /* DanceUnityUITests.swift in Sources */ = {isa = PBXBuildFile; fileRef = 344BC6221C3765DC001551DF /* DanceUnityUITests.swift */; };
		344BC6311C37BFC0001551DF /* AudioToolbox.framework in Frameworks */ = {isa = PBXBuildFile; fileRef = 344BC6301C37BFC0001551DF /* AudioToolbox.framework */; };
		344BC6331C37BFCA001551DF /* CFNetwork.framework in Frameworks */ = {isa = PBXBuildFile; fileRef = 344BC6321C37BFCA001551DF /* CFNetwork.framework */; };
		344BC6351C37BFD6001551DF /* CoreGraphics.framework in Frameworks */ = {isa = PBXBuildFile; fileRef = 344BC6341C37BFD6001551DF /* CoreGraphics.framework */; };
		344BC6371C37BFE7001551DF /* CoreLocation.framework in Frameworks */ = {isa = PBXBuildFile; fileRef = 344BC6361C37BFE7001551DF /* CoreLocation.framework */; };
		344BC6391C37BFF4001551DF /* Security.framework in Frameworks */ = {isa = PBXBuildFile; fileRef = 344BC6381C37BFF4001551DF /* Security.framework */; };
		344BC63B1C37BFFC001551DF /* StoreKit.framework in Frameworks */ = {isa = PBXBuildFile; fileRef = 344BC63A1C37BFFC001551DF /* StoreKit.framework */; };
		344BC63D1C37C006001551DF /* SystemConfiguration.framework in Frameworks */ = {isa = PBXBuildFile; fileRef = 344BC63C1C37C006001551DF /* SystemConfiguration.framework */; };
		344BC63F1C37C012001551DF /* libz.tbd in Frameworks */ = {isa = PBXBuildFile; fileRef = 344BC63E1C37C012001551DF /* libz.tbd */; };
		344BC6411C37C02C001551DF /* QuartzCore.framework in Frameworks */ = {isa = PBXBuildFile; fileRef = 344BC6401C37C02C001551DF /* QuartzCore.framework */; };
		344BC6431C37C05F001551DF /* libsqlite3.tbd in Frameworks */ = {isa = PBXBuildFile; fileRef = 344BC6421C37C05F001551DF /* libsqlite3.tbd */; settings = {ATTRIBUTES = (Required, ); }; };
		344BC6451C38CBF5001551DF /* MobileCoreServices.framework in Frameworks */ = {isa = PBXBuildFile; fileRef = 344BC6441C38CBF5001551DF /* MobileCoreServices.framework */; };
		344BC6471C38CFEA001551DF /* parse-library-1.11.0.zip in Frameworks */ = {isa = PBXBuildFile; fileRef = 344BC6461C38CFEA001551DF /* parse-library-1.11.0.zip */; };
		344BC6491C38D072001551DF /* parse-library-1.11.0 in Frameworks */ = {isa = PBXBuildFile; fileRef = 344BC6481C38D072001551DF /* parse-library-1.11.0 */; };
		344BC64F1C38FB76001551DF /* SignUppage.swift in Sources */ = {isa = PBXBuildFile; fileRef = 344BC64E1C38FB76001551DF /* SignUppage.swift */; };
/* End PBXBuildFile section */

/* Begin PBXContainerItemProxy section */
		344BC6141C3765DC001551DF /* PBXContainerItemProxy */ = {
			isa = PBXContainerItemProxy;
			containerPortal = 344BC5F71C3765DC001551DF /* Project object */;
			proxyType = 1;
			remoteGlobalIDString = 344BC5FE1C3765DC001551DF;
			remoteInfo = DanceUnity;
		};
		344BC61F1C3765DC001551DF /* PBXContainerItemProxy */ = {
			isa = PBXContainerItemProxy;
			containerPortal = 344BC5F71C3765DC001551DF /* Project object */;
			proxyType = 1;
			remoteGlobalIDString = 344BC5FE1C3765DC001551DF;
			remoteInfo = DanceUnity;
		};
/* End PBXContainerItemProxy section */

/* Begin PBXFileReference section */
		344BC5FF1C3765DC001551DF /* DanceUnity.app */ = {isa = PBXFileReference; explicitFileType = wrapper.application; includeInIndex = 0; path = DanceUnity.app; sourceTree = BUILT_PRODUCTS_DIR; };
		344BC6021C3765DC001551DF /* AppDelegate.swift */ = {isa = PBXFileReference; lastKnownFileType = sourcecode.swift; path = AppDelegate.swift; sourceTree = "<group>"; };
		344BC6041C3765DC001551DF /* ViewController.swift */ = {isa = PBXFileReference; lastKnownFileType = sourcecode.swift; path = ViewController.swift; sourceTree = "<group>"; };
		344BC6071C3765DC001551DF /* Base */ = {isa = PBXFileReference; lastKnownFileType = file.storyboard; name = Base; path = Base.lproj/Main.storyboard; sourceTree = "<group>"; };
		344BC6091C3765DC001551DF /* Assets.xcassets */ = {isa = PBXFileReference; lastKnownFileType = folder.assetcatalog; path = Assets.xcassets; sourceTree = "<group>"; };
		344BC60C1C3765DC001551DF /* Base */ = {isa = PBXFileReference; lastKnownFileType = file.storyboard; name = Base; path = Base.lproj/LaunchScreen.storyboard; sourceTree = "<group>"; };
		344BC60E1C3765DC001551DF /* Info.plist */ = {isa = PBXFileReference; lastKnownFileType = text.plist.xml; path = Info.plist; sourceTree = "<group>"; };
		344BC6131C3765DC001551DF /* DanceUnityTests.xctest */ = {isa = PBXFileReference; explicitFileType = wrapper.cfbundle; includeInIndex = 0; path = DanceUnityTests.xctest; sourceTree = BUILT_PRODUCTS_DIR; };
		344BC6171C3765DC001551DF /* DanceUnityTests.swift */ = {isa = PBXFileReference; lastKnownFileType = sourcecode.swift; path = DanceUnityTests.swift; sourceTree = "<group>"; };
		344BC6191C3765DC001551DF /* Info.plist */ = {isa = PBXFileReference; lastKnownFileType = text.plist.xml; path = Info.plist; sourceTree = "<group>"; };
		344BC61E1C3765DC001551DF /* DanceUnityUITests.xctest */ = {isa = PBXFileReference; explicitFileType = wrapper.cfbundle; includeInIndex = 0; path = DanceUnityUITests.xctest; sourceTree = BUILT_PRODUCTS_DIR; };
		344BC6221C3765DC001551DF /* DanceUnityUITests.swift */ = {isa = PBXFileReference; lastKnownFileType = sourcecode.swift; path = DanceUnityUITests.swift; sourceTree = "<group>"; };
		344BC6241C3765DC001551DF /* Info.plist */ = {isa = PBXFileReference; lastKnownFileType = text.plist.xml; path = Info.plist; sourceTree = "<group>"; };
		344BC6301C37BFC0001551DF /* AudioToolbox.framework */ = {isa = PBXFileReference; lastKnownFileType = wrapper.framework; name = AudioToolbox.framework; path = System/Library/Frameworks/AudioToolbox.framework; sourceTree = SDKROOT; };
		344BC6321C37BFCA001551DF /* CFNetwork.framework */ = {isa = PBXFileReference; lastKnownFileType = wrapper.framework; name = CFNetwork.framework; path = System/Library/Frameworks/CFNetwork.framework; sourceTree = SDKROOT; };
		344BC6341C37BFD6001551DF /* CoreGraphics.framework */ = {isa = PBXFileReference; lastKnownFileType = wrapper.framework; name = CoreGraphics.framework; path = System/Library/Frameworks/CoreGraphics.framework; sourceTree = SDKROOT; };
		344BC6361C37BFE7001551DF /* CoreLocation.framework */ = {isa = PBXFileReference; lastKnownFileType = wrapper.framework; name = CoreLocation.framework; path = System/Library/Frameworks/CoreLocation.framework; sourceTree = SDKROOT; };
		344BC6381C37BFF4001551DF /* Security.framework */ = {isa = PBXFileReference; lastKnownFileType = wrapper.framework; name = Security.framework; path = System/Library/Frameworks/Security.framework; sourceTree = SDKROOT; };
		344BC63A1C37BFFC001551DF /* StoreKit.framework */ = {isa = PBXFileReference; lastKnownFileType = wrapper.framework; name = StoreKit.framework; path = System/Library/Frameworks/StoreKit.framework; sourceTree = SDKROOT; };
		344BC63C1C37C006001551DF /* SystemConfiguration.framework */ = {isa = PBXFileReference; lastKnownFileType = wrapper.framework; name = SystemConfiguration.framework; path = System/Library/Frameworks/SystemConfiguration.framework; sourceTree = SDKROOT; };
		344BC63E1C37C012001551DF /* libz.tbd */ = {isa = PBXFileReference; lastKnownFileType = "sourcecode.text-based-dylib-definition"; name = libz.tbd; path = usr/lib/libz.tbd; sourceTree = SDKROOT; };
		344BC6401C37C02C001551DF /* QuartzCore.framework */ = {isa = PBXFileReference; lastKnownFileType = wrapper.framework; name = QuartzCore.framework; path = System/Library/Frameworks/QuartzCore.framework; sourceTree = SDKROOT; };
		344BC6421C37C05F001551DF /* libsqlite3.tbd */ = {isa = PBXFileReference; lastKnownFileType = "sourcecode.text-based-dylib-definition"; name = libsqlite3.tbd; path = usr/lib/libsqlite3.tbd; sourceTree = SDKROOT; };
		344BC6441C38CBF5001551DF /* MobileCoreServices.framework */ = {isa = PBXFileReference; lastKnownFileType = wrapper.framework; name = MobileCoreServices.framework; path = System/Library/Frameworks/MobileCoreServices.framework; sourceTree = SDKROOT; };
		344BC6461C38CFEA001551DF /* parse-library-1.11.0.zip */ = {isa = PBXFileReference; lastKnownFileType = archive.zip; name = "parse-library-1.11.0.zip"; path = "../../Downloads/parse-library-1.11.0.zip"; sourceTree = "<group>"; };
		344BC6481C38D072001551DF /* parse-library-1.11.0 */ = {isa = PBXFileReference; lastKnownFileType = folder; name = "parse-library-1.11.0"; path = "../../Downloads/parse-library-1.11.0"; sourceTree = "<group>"; };
		344BC64B1C38E57F001551DF /* ParseHeader.h */ = {isa = PBXFileReference; lastKnownFileType = sourcecode.c.h; path = ParseHeader.h; sourceTree = "<group>"; };
		344BC64C1C38E870001551DF /* BHeader.h */ = {isa = PBXFileReference; fileEncoding = 4; lastKnownFileType = sourcecode.c.h; name = BHeader.h; path = ../BHeader.h; sourceTree = "<group>"; };
		344BC64E1C38FB76001551DF /* SignUppage.swift */ = {isa = PBXFileReference; fileEncoding = 4; lastKnownFileType = sourcecode.swift; path = SignUppage.swift; sourceTree = "<group>"; };
/* End PBXFileReference section */

/* Begin PBXFrameworksBuildPhase section */
		344BC5FC1C3765DC001551DF /* Frameworks */ = {
			isa = PBXFrameworksBuildPhase;
			buildActionMask = 2147483647;
			files = (
				344BC6491C38D072001551DF /* parse-library-1.11.0 in Frameworks */,
				344BC6471C38CFEA001551DF /* parse-library-1.11.0.zip in Frameworks */,
				344BC6451C38CBF5001551DF /* MobileCoreServices.framework in Frameworks */,
				344BC6431C37C05F001551DF /* libsqlite3.tbd in Frameworks */,
				344BC6411C37C02C001551DF /* QuartzCore.framework in Frameworks */,
				344BC63F1C37C012001551DF /* libz.tbd in Frameworks */,
				344BC63D1C37C006001551DF /* SystemConfiguration.framework in Frameworks */,
				344BC63B1C37BFFC001551DF /* StoreKit.framework in Frameworks */,
				344BC6391C37BFF4001551DF /* Security.framework in Frameworks */,
				344BC6371C37BFE7001551DF /* CoreLocation.framework in Frameworks */,
				344BC6351C37BFD6001551DF /* CoreGraphics.framework in Frameworks */,
				344BC6331C37BFCA001551DF /* CFNetwork.framework in Frameworks */,
				344BC6311C37BFC0001551DF /* AudioToolbox.framework in Frameworks */,
			);
			runOnlyForDeploymentPostprocessing = 0;
		};
		344BC6101C3765DC001551DF /* Frameworks */ = {
			isa = PBXFrameworksBuildPhase;
			buildActionMask = 2147483647;
			files = (
			);
			runOnlyForDeploymentPostprocessing = 0;
		};
		344BC61B1C3765DC001551DF /* Frameworks */ = {
			isa = PBXFrameworksBuildPhase;
			buildActionMask = 2147483647;
			files = (
			);
			runOnlyForDeploymentPostprocessing = 0;
		};
/* End PBXFrameworksBuildPhase section */

/* Begin PBXGroup section */
		344BC5F61C3765DC001551DF = {
			isa = PBXGroup;
			children = (
				344BC64E1C38FB76001551DF /* SignUppage.swift */,
				344BC64A1C38D7F4001551DF /* Frameworks */,
				344BC6011C3765DC001551DF /* DanceUnity */,
				344BC6161C3765DC001551DF /* DanceUnityTests */,
				344BC6211C3765DC001551DF /* DanceUnityUITests */,
				344BC6001C3765DC001551DF /* Products */,
			);
			sourceTree = "<group>";
		};
		344BC6001C3765DC001551DF /* Products */ = {
			isa = PBXGroup;
			children = (
				344BC5FF1C3765DC001551DF /* DanceUnity.app */,
				344BC6131C3765DC001551DF /* DanceUnityTests.xctest */,
				344BC61E1C3765DC001551DF /* DanceUnityUITests.xctest */,
			);
			name = Products;
			sourceTree = "<group>";
		};
		344BC6011C3765DC001551DF /* DanceUnity */ = {
			isa = PBXGroup;
			children = (
				344BC64C1C38E870001551DF /* BHeader.h */,
				344BC6021C3765DC001551DF /* AppDelegate.swift */,
				344BC64B1C38E57F001551DF /* ParseHeader.h */,
				344BC6041C3765DC001551DF /* ViewController.swift */,
				344BC6061C3765DC001551DF /* Main.storyboard */,
				344BC6091C3765DC001551DF /* Assets.xcassets */,
				344BC60B1C3765DC001551DF /* LaunchScreen.storyboard */,
				344BC60E1C3765DC001551DF /* Info.plist */,
			);
			path = DanceUnity;
			sourceTree = "<group>";
		};
		344BC6161C3765DC001551DF /* DanceUnityTests */ = {
			isa = PBXGroup;
			children = (
				344BC6171C3765DC001551DF /* DanceUnityTests.swift */,
				344BC6191C3765DC001551DF /* Info.plist */,
			);
			path = DanceUnityTests;
			sourceTree = "<group>";
		};
		344BC6211C3765DC001551DF /* DanceUnityUITests */ = {
			isa = PBXGroup;
			children = (
				344BC6221C3765DC001551DF /* DanceUnityUITests.swift */,
				344BC6241C3765DC001551DF /* Info.plist */,
			);
			path = DanceUnityUITests;
			sourceTree = "<group>";
		};
		344BC64A1C38D7F4001551DF /* Frameworks */ = {
			isa = PBXGroup;
			children = (
				344BC6461C38CFEA001551DF /* parse-library-1.11.0.zip */,
				344BC6481C38D072001551DF /* parse-library-1.11.0 */,
				344BC6441C38CBF5001551DF /* MobileCoreServices.framework */,
				344BC6421C37C05F001551DF /* libsqlite3.tbd */,
				344BC6401C37C02C001551DF /* QuartzCore.framework */,
				344BC63E1C37C012001551DF /* libz.tbd */,
				344BC63C1C37C006001551DF /* SystemConfiguration.framework */,
				344BC63A1C37BFFC001551DF /* StoreKit.framework */,
				344BC6381C37BFF4001551DF /* Security.framework */,
				344BC6361C37BFE7001551DF /* CoreLocation.framework */,
				344BC6341C37BFD6001551DF /* CoreGraphics.framework */,
				344BC6321C37BFCA001551DF /* CFNetwork.framework */,
				344BC6301C37BFC0001551DF /* AudioToolbox.framework */,
			);
			name = Frameworks;
			sourceTree = "<group>";
		};
/* End PBXGroup section */

/* Begin PBXNativeTarget section */
		344BC5FE1C3765DC001551DF /* DanceUnity */ = {
			isa = PBXNativeTarget;
			buildConfigurationList = 344BC6271C3765DC001551DF /* Build configuration list for PBXNativeTarget "DanceUnity" */;
			buildPhases = (
				344BC5FB1C3765DC001551DF /* Sources */,
				344BC5FC1C3765DC001551DF /* Frameworks */,
				344BC5FD1C3765DC001551DF /* Resources */,
			);
			buildRules = (
			);
			dependencies = (
			);
			name = DanceUnity;
			productName = DanceUnity;
			productReference = 344BC5FF1C3765DC001551DF /* DanceUnity.app */;
			productType = "com.apple.product-type.application";
		};
		344BC6121C3765DC001551DF /* DanceUnityTests */ = {
			isa = PBXNativeTarget;
			buildConfigurationList = 344BC62A1C3765DC001551DF /* Build configuration list for PBXNativeTarget "DanceUnityTests" */;
			buildPhases = (
				344BC60F1C3765DC001551DF /* Sources */,
				344BC6101C3765DC001551DF /* Frameworks */,
				344BC6111C3765DC001551DF /* Resources */,
			);
			buildRules = (
			);
			dependencies = (
				344BC6151C3765DC001551DF /* PBXTargetDependency */,
			);
			name = DanceUnityTests;
			productName = DanceUnityTests;
			productReference = 344BC6131C3765DC001551DF /* DanceUnityTests.xctest */;
			productType = "com.apple.product-type.bundle.unit-test";
		};
		344BC61D1C3765DC001551DF /* DanceUnityUITests */ = {
			isa = PBXNativeTarget;
			buildConfigurationList = 344BC62D1C3765DC001551DF /* Build configuration list for PBXNativeTarget "DanceUnityUITests" */;
			buildPhases = (
				344BC61A1C3765DC001551DF /* Sources */,
				344BC61B1C3765DC001551DF /* Frameworks */,
				344BC61C1C3765DC001551DF /* Resources */,
			);
			buildRules = (
			);
			dependencies = (
				344BC6201C3765DC001551DF /* PBXTargetDependency */,
			);
			name = DanceUnityUITests;
			productName = DanceUnityUITests;
			productReference = 344BC61E1C3765DC001551DF /* DanceUnityUITests.xctest */;
			productType = "com.apple.product-type.bundle.ui-testing";
		};
/* End PBXNativeTarget section */

/* Begin PBXProject section */
		344BC5F71C3765DC001551DF /* Project object */ = {
			isa = PBXProject;
			attributes = {
				LastSwiftUpdateCheck = 0710;
				LastUpgradeCheck = 0710;
				ORGANIZATIONNAME = "Mamamia Records";
				TargetAttributes = {
					344BC5FE1C3765DC001551DF = {
						CreatedOnToolsVersion = 7.1;
					};
					344BC6121C3765DC001551DF = {
						CreatedOnToolsVersion = 7.1;
						TestTargetID = 344BC5FE1C3765DC001551DF;
					};
					344BC61D1C3765DC001551DF = {
						CreatedOnToolsVersion = 7.1;
						TestTargetID = 344BC5FE1C3765DC001551DF;
					};
				};
			};
			buildConfigurationList = 344BC5FA1C3765DC001551DF /* Build configuration list for PBXProject "DanceUnity" */;
			compatibilityVersion = "Xcode 3.2";
			developmentRegion = English;
			hasScannedForEncodings = 0;
			knownRegions = (
				en,
				Base,
			);
			mainGroup = 344BC5F61C3765DC001551DF;
			productRefGroup = 344BC6001C3765DC001551DF /* Products */;
			projectDirPath = "";
			projectRoot = "";
			targets = (
				344BC5FE1C3765DC001551DF /* DanceUnity */,
				344BC6121C3765DC001551DF /* DanceUnityTests */,
				344BC61D1C3765DC001551DF /* DanceUnityUITests */,
			);
		};
/* End PBXProject section */

/* Begin PBXResourcesBuildPhase section */
		344BC5FD1C3765DC001551DF /* Resources */ = {
			isa = PBXResourcesBuildPhase;
			buildActionMask = 2147483647;
			files = (
				344BC60D1C3765DC001551DF /* LaunchScreen.storyboard in Resources */,
				344BC60A1C3765DC001551DF /* Assets.xcassets in Resources */,
				344BC6081C3765DC001551DF /* Main.storyboard in Resources */,
			);
			runOnlyForDeploymentPostprocessing = 0;
		};
		344BC6111C3765DC001551DF /* Resources */ = {
			isa = PBXResourcesBuildPhase;
			buildActionMask = 2147483647;
			files = (
			);
			runOnlyForDeploymentPostprocessing = 0;
		};
		344BC61C1C3765DC001551DF /* Resources */ = {
			isa = PBXResourcesBuildPhase;
			buildActionMask = 2147483647;
			files = (
			);
			runOnlyForDeploymentPostprocessing = 0;
		};
/* End PBXResourcesBuildPhase section */

/* Begin PBXSourcesBuildPhase section */
		344BC5FB1C3765DC001551DF /* Sources */ = {
			isa = PBXSourcesBuildPhase;
			buildActionMask = 2147483647;
			files = (
				344BC64F1C38FB76001551DF /* SignUppage.swift in Sources */,
				344BC6051C3765DC001551DF /* ViewController.swift in Sources */,
				344BC6031C3765DC001551DF /* AppDelegate.swift in Sources */,
			);
			runOnlyForDeploymentPostprocessing = 0;
		};
		344BC60F1C3765DC001551DF /* Sources */ = {
			isa = PBXSourcesBuildPhase;
			buildActionMask = 2147483647;
			files = (
				344BC6181C3765DC001551DF /* DanceUnityTests.swift in Sources */,
			);
			runOnlyForDeploymentPostprocessing = 0;
		};
		344BC61A1C3765DC001551DF /* Sources */ = {
			isa = PBXSourcesBuildPhase;
			buildActionMask = 2147483647;
			files = (
				344BC6231C3765DC001551DF /* DanceUnityUITests.swift in Sources */,
			);
			runOnlyForDeploymentPostprocessing = 0;
		};
/* End PBXSourcesBuildPhase section */

/* Begin PBXTargetDependency section */
		344BC6151C3765DC001551DF /* PBXTargetDependency */ = {
			isa = PBXTargetDependency;
			target = 344BC5FE1C3765DC001551DF /* DanceUnity */;
			targetProxy = 344BC6141C3765DC001551DF /* PBXContainerItemProxy */;
		};
		344BC6201C3765DC001551DF /* PBXTargetDependency */ = {
			isa = PBXTargetDependency;
			target = 344BC5FE1C3765DC001551DF /* DanceUnity */;
			targetProxy = 344BC61F1C3765DC001551DF /* PBXContainerItemProxy */;
		};
/* End PBXTargetDependency section */

/* Begin PBXVariantGroup section */
		344BC6061C3765DC001551DF /* Main.storyboard */ = {
			isa = PBXVariantGroup;
			children = (
				344BC6071C3765DC001551DF /* Base */,
			);
			name = Main.storyboard;
			sourceTree = "<group>";
		};
		344BC60B1C3765DC001551DF /* LaunchScreen.storyboard */ = {
			isa = PBXVariantGroup;
			children = (
				344BC60C1C3765DC001551DF /* Base */,
			);
			name = LaunchScreen.storyboard;
			sourceTree = "<group>";
		};
/* End PBXVariantGroup section */

/* Begin XCBuildConfiguration section */
		344BC6251C3765DC001551DF /* Debug */ = {
			isa = XCBuildConfiguration;
			buildSettings = {
				ALWAYS_SEARCH_USER_PATHS = NO;
				CLANG_CXX_LANGUAGE_STANDARD = "gnu++0x";
				CLANG_CXX_LIBRARY = "libc++";
				CLANG_ENABLE_MODULES = YES;
				CLANG_ENABLE_OBJC_ARC = YES;
				CLANG_WARN_BOOL_CONVERSION = YES;
				CLANG_WARN_CONSTANT_CONVERSION = YES;
				CLANG_WARN_DIRECT_OBJC_ISA_USAGE = YES_ERROR;
				CLANG_WARN_EMPTY_BODY = YES;
				CLANG_WARN_ENUM_CONVERSION = YES;
				CLANG_WARN_INT_CONVERSION = YES;
				CLANG_WARN_OBJC_ROOT_CLASS = YES_ERROR;
				CLANG_WARN_UNREACHABLE_CODE = YES;
				CLANG_WARN__DUPLICATE_METHOD_MATCH = YES;
				"CODE_SIGN_IDENTITY[sdk=iphoneos*]" = "iPhone Developer";
				COPY_PHASE_STRIP = NO;
				DEBUG_INFORMATION_FORMAT = dwarf;
				ENABLE_STRICT_OBJC_MSGSEND = YES;
				ENABLE_TESTABILITY = YES;
				GCC_C_LANGUAGE_STANDARD = gnu99;
				GCC_DYNAMIC_NO_PIC = NO;
				GCC_NO_COMMON_BLOCKS = YES;
				GCC_OPTIMIZATION_LEVEL = 0;
				GCC_PREPROCESSOR_DEFINITIONS = (
					"DEBUG=1",
					"$(inherited)",
				);
				GCC_WARN_64_TO_32_BIT_CONVERSION = YES;
				GCC_WARN_ABOUT_RETURN_TYPE = YES_ERROR;
				GCC_WARN_UNDECLARED_SELECTOR = YES;
				GCC_WARN_UNINITIALIZED_AUTOS = YES_AGGRESSIVE;
				GCC_WARN_UNUSED_FUNCTION = YES;
				GCC_WARN_UNUSED_VARIABLE = YES;
				IPHONEOS_DEPLOYMENT_TARGET = 9.1;
				MTL_ENABLE_DEBUG_INFO = YES;
				ONLY_ACTIVE_ARCH = YES;
				SDKROOT = iphoneos;
				SWIFT_OPTIMIZATION_LEVEL = "-Onone";
				TARGETED_DEVICE_FAMILY = "1,2";
			};
			name = Debug;
		};
		344BC6261C3765DC001551DF /* Release */ = {
			isa = XCBuildConfiguration;
			buildSettings = {
				ALWAYS_SEARCH_USER_PATHS = NO;
				CLANG_CXX_LANGUAGE_STANDARD = "gnu++0x";
				CLANG_CXX_LIBRARY = "libc++";
				CLANG_ENABLE_MODULES = YES;
				CLANG_ENABLE_OBJC_ARC = YES;
				CLANG_WARN_BOOL_CONVERSION = YES;
				CLANG_WARN_CONSTANT_CONVERSION = YES;
				CLANG_WARN_DIRECT_OBJC_ISA_USAGE = YES_ERROR;
				CLANG_WARN_EMPTY_BODY = YES;
				CLANG_WARN_ENUM_CONVERSION = YES;
				CLANG_WARN_INT_CONVERSION = YES;
				CLANG_WARN_OBJC_ROOT_CLASS = YES_ERROR;
				CLANG_WARN_UNREACHABLE_CODE = YES;
				CLANG_WARN__DUPLICATE_METHOD_MATCH = YES;
				"CODE_SIGN_IDENTITY[sdk=iphoneos*]" = "iPhone Developer";
				COPY_PHASE_STRIP = NO;
				DEBUG_INFORMATION_FORMAT = "dwarf-with-dsym";
				ENABLE_NS_ASSERTIONS = NO;
				ENABLE_STRICT_OBJC_MSGSEND = YES;
				GCC_C_LANGUAGE_STANDARD = gnu99;
				GCC_NO_COMMON_BLOCKS = YES;
				GCC_WARN_64_TO_32_BIT_CONVERSION = YES;
				GCC_WARN_ABOUT_RETURN_TYPE = YES_ERROR;
				GCC_WARN_UNDECLARED_SELECTOR = YES;
				GCC_WARN_UNINITIALIZED_AUTOS = YES_AGGRESSIVE;
				GCC_WARN_UNUSED_FUNCTION = YES;
				GCC_WARN_UNUSED_VARIABLE = YES;
				IPHONEOS_DEPLOYMENT_TARGET = 9.1;
				MTL_ENABLE_DEBUG_INFO = NO;
				SDKROOT = iphoneos;
				TARGETED_DEVICE_FAMILY = "1,2";
				VALIDATE_PRODUCT = YES;
			};
			name = Release;
		};
		344BC6281C3765DC001551DF /* Debug */ = {
			isa = XCBuildConfiguration;
			buildSettings = {
				ASSETCATALOG_COMPILER_APPICON_NAME = AppIcon;
				FRAMEWORK_SEARCH_PATHS = " $(PROJECT_DIR)";
				INFOPLIST_FILE = DanceUnity/Info.plist;
				LD_RUNPATH_SEARCH_PATHS = "$(inherited) @executable_path/Frameworks";
				PRODUCT_BUNDLE_IDENTIFIER = "Dance-Unity.DanceUnity";
				PRODUCT_NAME = "$(TARGET_NAME)";
			};
			name = Debug;
		};
		344BC6291C3765DC001551DF /* Release */ = {
			isa = XCBuildConfiguration;
			buildSettings = {
				ASSETCATALOG_COMPILER_APPICON_NAME = AppIcon;
				FRAMEWORK_SEARCH_PATHS = " $(PROJECT_DIR)";
				INFOPLIST_FILE = DanceUnity/Info.plist;
				LD_RUNPATH_SEARCH_PATHS = "$(inherited) @executable_path/Frameworks";
				PRODUCT_BUNDLE_IDENTIFIER = "Dance-Unity.DanceUnity";
				PRODUCT_NAME = "$(TARGET_NAME)";
			};
			name = Release;
		};
		344BC62B1C3765DC001551DF /* Debug */ = {
			isa = XCBuildConfiguration;
			buildSettings = {
				BUNDLE_LOADER = "$(TEST_HOST)";
				INFOPLIST_FILE = DanceUnityTests/Info.plist;
				LD_RUNPATH_SEARCH_PATHS = "$(inherited) @executable_path/Frameworks @loader_path/Frameworks";
				PRODUCT_BUNDLE_IDENTIFIER = "Dance-Unity.DanceUnityTests";
				PRODUCT_NAME = "$(TARGET_NAME)";
				TEST_HOST = "$(BUILT_PRODUCTS_DIR)/DanceUnity.app/DanceUnity";
			};
			name = Debug;
		};
		344BC62C1C3765DC001551DF /* Release */ = {
			isa = XCBuildConfiguration;
			buildSettings = {
				BUNDLE_LOADER = "$(TEST_HOST)";
				INFOPLIST_FILE = DanceUnityTests/Info.plist;
				LD_RUNPATH_SEARCH_PATHS = "$(inherited) @executable_path/Frameworks @loader_path/Frameworks";
				PRODUCT_BUNDLE_IDENTIFIER = "Dance-Unity.DanceUnityTests";
				PRODUCT_NAME = "$(TARGET_NAME)";
				TEST_HOST = "$(BUILT_PRODUCTS_DIR)/DanceUnity.app/DanceUnity";
			};
			name = Release;
		};
		344BC62E1C3765DC001551DF /* Debug */ = {
			isa = XCBuildConfiguration;
			buildSettings = {
				INFOPLIST_FILE = DanceUnityUITests/Info.plist;
				LD_RUNPATH_SEARCH_PATHS = "$(inherited) @executable_path/Frameworks @loader_path/Frameworks";
				PRODUCT_BUNDLE_IDENTIFIER = "Dance-Unity.DanceUnityUITests";
				PRODUCT_NAME = "$(TARGET_NAME)";
				TEST_TARGET_NAME = DanceUnity;
				USES_XCTRUNNER = YES;
			};
			name = Debug;
		};
		344BC62F1C3765DC001551DF /* Release */ = {
			isa = XCBuildConfiguration;
			buildSettings = {
				INFOPLIST_FILE = DanceUnityUITests/Info.plist;
				LD_RUNPATH_SEARCH_PATHS = "$(inherited) @executable_path/Frameworks @loader_path/Frameworks";
				PRODUCT_BUNDLE_IDENTIFIER = "Dance-Unity.DanceUnityUITests";
				PRODUCT_NAME = "$(TARGET_NAME)";
				TEST_TARGET_NAME = DanceUnity;
				USES_XCTRUNNER = YES;
			};
			name = Release;
		};
/* End XCBuildConfiguration section */

/* Begin XCConfigurationList section */
		344BC5FA1C3765DC001551DF /* Build configuration list for PBXProject "DanceUnity" */ = {
			isa = XCConfigurationList;
			buildConfigurations = (
				344BC6251C3765DC001551DF /* Debug */,
				344BC6261C3765DC001551DF /* Release */,
			);
			defaultConfigurationIsVisible = 0;
			defaultConfigurationName = Release;
		};
		344BC6271C3765DC001551DF /* Build configuration list for PBXNativeTarget "DanceUnity" */ = {
			isa = XCConfigurationList;
			buildConfigurations = (
				344BC6281C3765DC001551DF /* Debug */,
				344BC6291C3765DC001551DF /* Release */,
			);
			defaultConfigurationIsVisible = 0;
		};
		344BC62A1C3765DC001551DF /* Build configuration list for PBXNativeTarget "DanceUnityTests" */ = {
			isa = XCConfigurationList;
			buildConfigurations = (
				344BC62B1C3765DC001551DF /* Debug */,
				344BC62C1C3765DC001551DF /* Release */,
			);
			defaultConfigurationIsVisible = 0;
		};
		344BC62D1C3765DC001551DF /* Build configuration list for PBXNativeTarget "DanceUnityUITests" */ = {
			isa = XCConfigurationList;
			buildConfigurations = (
				344BC62E1C3765DC001551DF /* Debug */,
				344BC62F1C3765DC001551DF /* Release */,
			);
			defaultConfigurationIsVisible = 0;
		};
/* End XCConfigurationList section */
	};
	rootObject = 344BC5F71C3765DC001551DF /* Project object */;
}
